
Microsoft Visual Studio Solution File, Format Version 12.00
# Visual Studio 15
VisualStudioVersion = 15.0.26730.10
MinimumVisualStudioVersion = 10.0.40219.1
Project("{2150E333-8FDC-42A3-9474-1A3956D46DE8}") = "Code", "Code", "{1AF25999-E20B-4C44-AE07-9FE37F9C6C8E}"
EndProject
Project("{2150E333-8FDC-42A3-9474-1A3956D46DE8}") = "Shared", "Shared", "{A20F9EB6-774A-45E1-A489-6FF6612D7C74}"
EndProject
Project("{2150E333-8FDC-42A3-9474-1A3956D46DE8}") = "Test", "Test", "{05237499-16F9-4539-ADE4-4A824AC8671A}"
EndProject
Project("{FAE04EC0-301F-11D3-BF4B-00C04F79EFBC}") = "Gtor.Utils", "..\..\Shared\Gtor.Utils\Gtor.Utils.csproj", "{E224B91A-2BB6-428D-A731-0A69EF2FB91C}"
EndProject
Project("{FAE04EC0-301F-11D3-BF4B-00C04F79EFBC}") = "Gtor.Utils.Test", "..\..\Test\Gtor.Utils.Test\Gtor.Utils.Test.csproj", "{0AE34697-BAB8-41AD-84CD-D86D61A52109}"
EndProject
Global
	GlobalSection(SolutionConfigurationPlatforms) = preSolution
		Debug|Any CPU = Debug|Any CPU
		Release|Any CPU = Release|Any CPU
	EndGlobalSection
	GlobalSection(ProjectConfigurationPlatforms) = postSolution
		{E224B91A-2BB6-428D-A731-0A69EF2FB91C}.Debug|Any CPU.ActiveCfg = Debug|Any CPU
		{E224B91A-2BB6-428D-A731-0A69EF2FB91C}.Debug|Any CPU.Build.0 = Debug|Any CPU
		{E224B91A-2BB6-428D-A731-0A69EF2FB91C}.Release|Any CPU.ActiveCfg = Release|Any CPU
		{E224B91A-2BB6-428D-A731-0A69EF2FB91C}.Release|Any CPU.Build.0 = Release|Any CPU
		{0AE34697-BAB8-41AD-84CD-D86D61A52109}.Debug|Any CPU.ActiveCfg = Debug|Any CPU
		{0AE34697-BAB8-41AD-84CD-D86D61A52109}.Debug|Any CPU.Build.0 = Debug|Any CPU
		{0AE34697-BAB8-41AD-84CD-D86D61A52109}.Release|Any CPU.ActiveCfg = Release|Any CPU
		{0AE34697-BAB8-41AD-84CD-D86D61A52109}.Release|Any CPU.Build.0 = Release|Any CPU
	EndGlobalSection
	GlobalSection(SolutionProperties) = preSolution
		HideSolutionNode = FALSE
	EndGlobalSection
	GlobalSection(NestedProjects) = preSolution
		{A20F9EB6-774A-45E1-A489-6FF6612D7C74} = {1AF25999-E20B-4C44-AE07-9FE37F9C6C8E}
		{E224B91A-2BB6-428D-A731-0A69EF2FB91C} = {A20F9EB6-774A-45E1-A489-6FF6612D7C74}
		{0AE34697-BAB8-41AD-84CD-D86D61A52109} = {05237499-16F9-4539-ADE4-4A824AC8671A}
	EndGlobalSection
	GlobalSection(ExtensibilityGlobals) = postSolution
		SolutionGuid = {1E2CD68E-BE3B-4B2D-A872-CC61A797FE41}
	EndGlobalSection
EndGlobal
